
Microsoft Visual Studio Solution File, Format Version 12.00
# Visual Studio 15
VisualStudioVersion = 15.0.28010.0
MinimumVisualStudioVersion = 10.0.40219.1
Project("{9A19103F-16F7-4668-BE54-9A1E7A4F7556}") = "MoKUAS", "MoKUAS\MoKUAS.csproj", "{2BCBF534-F8E8-4723-B82B-3831219BB6B0}"
EndProject
Global
	GlobalSection(SolutionConfigurationPlatforms) = preSolution
		Debug|Any CPU = Debug|Any CPU
		Release|Any CPU = Release|Any CPU
	EndGlobalSection
	GlobalSection(ProjectConfigurationPlatforms) = postSolution
		{2BCBF534-F8E8-4723-B82B-3831219BB6B0}.Debug|Any CPU.ActiveCfg = Debug|Any CPU
		{2BCBF534-F8E8-4723-B82B-3831219BB6B0}.Debug|Any CPU.Build.0 = Debug|Any CPU
		{2BCBF534-F8E8-4723-B82B-3831219BB6B0}.Release|Any CPU.ActiveCfg = Release|Any CPU
		{2BCBF534-F8E8-4723-B82B-3831219BB6B0}.Release|Any CPU.Build.0 = Release|Any CPU
	EndGlobalSection
	GlobalSection(SolutionProperties) = preSolution
		HideSolutionNode = FALSE
	EndGlobalSection
	GlobalSection(ExtensibilityGlobals) = postSolution
		SolutionGuid = {9FC8C646-175B-4E37-BA14-90D528C6ECDF}
	EndGlobalSection
EndGlobal
